// !$*UTF8*$!
{
	archiveVersion = 1;
	classes = {
	};
	objectVersion = 56;
	objects = {

/* Begin PBXBuildFile section */
		B716D93E290BC8BD0017C901 /* ListCoreDataUI.swift in Sources */ = {isa = PBXBuildFile; fileRef = B716D93D290BC8BD0017C901 /* ListCoreDataUI.swift */; };
		B724153B290681AF009E8595 /* TaskableApp.swift in Sources */ = {isa = PBXBuildFile; fileRef = B724153A290681AF009E8595 /* TaskableApp.swift */; };
		B724153F290681B0009E8595 /* Assets.xcassets in Resources */ = {isa = PBXBuildFile; fileRef = B724153E290681B0009E8595 /* Assets.xcassets */; };
		B7241542290681B0009E8595 /* Preview Assets.xcassets in Resources */ = {isa = PBXBuildFile; fileRef = B7241541290681B0009E8595 /* Preview Assets.xcassets */; };
		B724156529068357009E8595 /* database.swift in Sources */ = {isa = PBXBuildFile; fileRef = B724156229068357009E8595 /* database.swift */; };
		B7F39D1D2909451E00B3640D /* FocusButton.swift in Sources */ = {isa = PBXBuildFile; fileRef = B7F39D152909451E00B3640D /* FocusButton.swift */; };
		B7F39D1E2909451E00B3640D /* GaugeView.swift in Sources */ = {isa = PBXBuildFile; fileRef = B7F39D162909451E00B3640D /* GaugeView.swift */; };
		B7F39D1F2909451E00B3640D /* TaskListView.swift in Sources */ = {isa = PBXBuildFile; fileRef = B7F39D182909451E00B3640D /* TaskListView.swift */; };
		B7F39D202909451E00B3640D /* TaskListViewAllOnSide.swift in Sources */ = {isa = PBXBuildFile; fileRef = B7F39D192909451E00B3640D /* TaskListViewAllOnSide.swift */; };
		B7F39D212909451E00B3640D /* Test.swift in Sources */ = {isa = PBXBuildFile; fileRef = B7F39D1A2909451E00B3640D /* Test.swift */; };
		B7F39D222909451E00B3640D /* TaskRow.swift in Sources */ = {isa = PBXBuildFile; fileRef = B7F39D1B2909451E00B3640D /* TaskRow.swift */; };
		B7F39D232909451E00B3640D /* ListButtons.swift in Sources */ = {isa = PBXBuildFile; fileRef = B7F39D1C2909451E00B3640D /* ListButtons.swift */; };
		B7F39D272909455F00B3640D /* Priority.swift in Sources */ = {isa = PBXBuildFile; fileRef = B7F39D252909455F00B3640D /* Priority.swift */; };
		B7F39D282909455F00B3640D /* TaskViewModel.swift in Sources */ = {isa = PBXBuildFile; fileRef = B7F39D262909455F00B3640D /* TaskViewModel.swift */; };
		B7F39D2A290945F200B3640D /* Tasky.swift in Sources */ = {isa = PBXBuildFile; fileRef = B7F39D29290945F200B3640D /* Tasky.swift */; };
		C1191AA229094A680081E638 /* TagsSelectionView.swift in Sources */ = {isa = PBXBuildFile; fileRef = C1191AA129094A680081E638 /* TagsSelectionView.swift */; };
		C1191AA429094A830081E638 /* Persistence.swift in Sources */ = {isa = PBXBuildFile; fileRef = C1191AA329094A830081E638 /* Persistence.swift */; };
		C1191AA729094A990081E638 /* Taskable.xcdatamodeld in Sources */ = {isa = PBXBuildFile; fileRef = C1191AA529094A990081E638 /* Taskable.xcdatamodeld */; };
		C1191AA929094AD50081E638 /* OldTasky.swift in Sources */ = {isa = PBXBuildFile; fileRef = C1191AA829094AD50081E638 /* OldTasky.swift */; };
		C17EE6B82906877A005F47EA /* NewTaskView.swift in Sources */ = {isa = PBXBuildFile; fileRef = C17EE6B72906877A005F47EA /* NewTaskView.swift */; };
/* End PBXBuildFile section */

/* Begin PBXFileReference section */
		B716D93D290BC8BD0017C901 /* ListCoreDataUI.swift */ = {isa = PBXFileReference; lastKnownFileType = sourcecode.swift; path = ListCoreDataUI.swift; sourceTree = "<group>"; };
		B7241537290681AF009E8595 /* Taskable.app */ = {isa = PBXFileReference; explicitFileType = wrapper.application; includeInIndex = 0; path = Taskable.app; sourceTree = BUILT_PRODUCTS_DIR; };
		B724153A290681AF009E8595 /* TaskableApp.swift */ = {isa = PBXFileReference; lastKnownFileType = sourcecode.swift; path = TaskableApp.swift; sourceTree = "<group>"; };
		B724153E290681B0009E8595 /* Assets.xcassets */ = {isa = PBXFileReference; lastKnownFileType = folder.assetcatalog; path = Assets.xcassets; sourceTree = "<group>"; };
		B7241541290681B0009E8595 /* Preview Assets.xcassets */ = {isa = PBXFileReference; lastKnownFileType = folder.assetcatalog; path = "Preview Assets.xcassets"; sourceTree = "<group>"; };
		B724156229068357009E8595 /* database.swift */ = {isa = PBXFileReference; fileEncoding = 4; lastKnownFileType = sourcecode.swift; path = database.swift; sourceTree = "<group>"; };
		B7F39D152909451E00B3640D /* FocusButton.swift */ = {isa = PBXFileReference; fileEncoding = 4; lastKnownFileType = sourcecode.swift; path = FocusButton.swift; sourceTree = "<group>"; };
		B7F39D162909451E00B3640D /* GaugeView.swift */ = {isa = PBXFileReference; fileEncoding = 4; lastKnownFileType = sourcecode.swift; path = GaugeView.swift; sourceTree = "<group>"; };
		B7F39D182909451E00B3640D /* TaskListView.swift */ = {isa = PBXFileReference; fileEncoding = 4; lastKnownFileType = sourcecode.swift; path = TaskListView.swift; sourceTree = "<group>"; };
		B7F39D192909451E00B3640D /* TaskListViewAllOnSide.swift */ = {isa = PBXFileReference; fileEncoding = 4; lastKnownFileType = sourcecode.swift; path = TaskListViewAllOnSide.swift; sourceTree = "<group>"; };
		B7F39D1A2909451E00B3640D /* Test.swift */ = {isa = PBXFileReference; fileEncoding = 4; lastKnownFileType = sourcecode.swift; path = Test.swift; sourceTree = "<group>"; };
		B7F39D1B2909451E00B3640D /* TaskRow.swift */ = {isa = PBXFileReference; fileEncoding = 4; lastKnownFileType = sourcecode.swift; path = TaskRow.swift; sourceTree = "<group>"; };
		B7F39D1C2909451E00B3640D /* ListButtons.swift */ = {isa = PBXFileReference; fileEncoding = 4; lastKnownFileType = sourcecode.swift; path = ListButtons.swift; sourceTree = "<group>"; };
		B7F39D252909455F00B3640D /* Priority.swift */ = {isa = PBXFileReference; fileEncoding = 4; lastKnownFileType = sourcecode.swift; path = Priority.swift; sourceTree = "<group>"; };
		B7F39D262909455F00B3640D /* TaskViewModel.swift */ = {isa = PBXFileReference; fileEncoding = 4; lastKnownFileType = sourcecode.swift; path = TaskViewModel.swift; sourceTree = "<group>"; };
		B7F39D29290945F200B3640D /* Tasky.swift */ = {isa = PBXFileReference; fileEncoding = 4; lastKnownFileType = sourcecode.swift; path = Tasky.swift; sourceTree = "<group>"; };
		C1191AA129094A680081E638 /* TagsSelectionView.swift */ = {isa = PBXFileReference; fileEncoding = 4; lastKnownFileType = sourcecode.swift; path = TagsSelectionView.swift; sourceTree = "<group>"; };
		C1191AA329094A830081E638 /* Persistence.swift */ = {isa = PBXFileReference; fileEncoding = 4; lastKnownFileType = sourcecode.swift; path = Persistence.swift; sourceTree = "<group>"; };
		C1191AA629094A990081E638 /* Taskable.xcdatamodel */ = {isa = PBXFileReference; lastKnownFileType = wrapper.xcdatamodel; path = Taskable.xcdatamodel; sourceTree = "<group>"; };
		C1191AA829094AD50081E638 /* OldTasky.swift */ = {isa = PBXFileReference; lastKnownFileType = sourcecode.swift; path = OldTasky.swift; sourceTree = "<group>"; };
		C17EE6B72906877A005F47EA /* NewTaskView.swift */ = {isa = PBXFileReference; lastKnownFileType = sourcecode.swift; path = NewTaskView.swift; sourceTree = "<group>"; };
/* End PBXFileReference section */

/* Begin PBXFrameworksBuildPhase section */
		B7241534290681AF009E8595 /* Frameworks */ = {
			isa = PBXFrameworksBuildPhase;
			buildActionMask = 2147483647;
			files = (
			);
			runOnlyForDeploymentPostprocessing = 0;
		};
/* End PBXFrameworksBuildPhase section */

/* Begin PBXGroup section */
		B724152E290681AF009E8595 = {
			isa = PBXGroup;
			children = (
				B7241539290681AF009E8595 /* Taskable */,
				B7241538290681AF009E8595 /* Products */,
			);
			sourceTree = "<group>";
		};
		B7241538290681AF009E8595 /* Products */ = {
			isa = PBXGroup;
			children = (
				B7241537290681AF009E8595 /* Taskable.app */,
			);
			name = Products;
			sourceTree = "<group>";
		};
		B7241539290681AF009E8595 /* Taskable */ = {
			isa = PBXGroup;
			children = (
				C1191AA529094A990081E638 /* Taskable.xcdatamodeld */,
				C17EE6B9290689B1005F47EA /* ViewModel */,
				C10F1F20290686BE00CDAEBF /* Views */,
				B724156029068357009E8595 /* Model */,
				B724153A290681AF009E8595 /* TaskableApp.swift */,
				B724153E290681B0009E8595 /* Assets.xcassets */,
				B7241540290681B0009E8595 /* Preview Content */,
			);
			path = Taskable;
			sourceTree = "<group>";
		};
		B7241540290681B0009E8595 /* Preview Content */ = {
			isa = PBXGroup;
			children = (
				B7241541290681B0009E8595 /* Preview Assets.xcassets */,
			);
			path = "Preview Content";
			sourceTree = "<group>";
		};
		B724156029068357009E8595 /* Model */ = {
			isa = PBXGroup;
			children = (
				C1191AA329094A830081E638 /* Persistence.swift */,
				B7F39D29290945F200B3640D /* Tasky.swift */,
				B7F39D252909455F00B3640D /* Priority.swift */,
				B724156229068357009E8595 /* database.swift */,
				C1191AA829094AD50081E638 /* OldTasky.swift */,
			);
			path = Model;
			sourceTree = "<group>";
		};
		B7F39D172909451E00B3640D /* TaskListViewModes */ = {
			isa = PBXGroup;
			children = (
				B7F39D182909451E00B3640D /* TaskListView.swift */,
				B7F39D192909451E00B3640D /* TaskListViewAllOnSide.swift */,
				B716D93D290BC8BD0017C901 /* ListCoreDataUI.swift */,
			);
			path = TaskListViewModes;
			sourceTree = "<group>";
		};
		B7F39D242909452700B3640D /* HomePage */ = {
			isa = PBXGroup;
			children = (
				B7F39D172909451E00B3640D /* TaskListViewModes */,
				B7F39D1A2909451E00B3640D /* Test.swift */,
				B7F39D1B2909451E00B3640D /* TaskRow.swift */,
				B7F39D1C2909451E00B3640D /* ListButtons.swift */,
				B7F39D162909451E00B3640D /* GaugeView.swift */,
				B7F39D152909451E00B3640D /* FocusButton.swift */,
			);
			path = HomePage;
			sourceTree = "<group>";
		};
		C10F1F20290686BE00CDAEBF /* Views */ = {
			isa = PBXGroup;
			children = (
				B7F39D242909452700B3640D /* HomePage */,
				C10F1F21290686C500CDAEBF /* NewTask */,
			);
			path = Views;
			sourceTree = "<group>";
		};
		C10F1F21290686C500CDAEBF /* NewTask */ = {
			isa = PBXGroup;
			children = (
				C1191AA129094A680081E638 /* TagsSelectionView.swift */,
				C17EE6B72906877A005F47EA /* NewTaskView.swift */,
			);
			path = NewTask;
			sourceTree = "<group>";
		};
		C17EE6B9290689B1005F47EA /* ViewModel */ = {
			isa = PBXGroup;
			children = (
				B7F39D262909455F00B3640D /* TaskViewModel.swift */,
			);
			path = ViewModel;
			sourceTree = "<group>";
		};
/* End PBXGroup section */

/* Begin PBXNativeTarget section */
		B7241536290681AF009E8595 /* Taskable */ = {
			isa = PBXNativeTarget;
			buildConfigurationList = B7241545290681B0009E8595 /* Build configuration list for PBXNativeTarget "Taskable" */;
			buildPhases = (
				B7241533290681AF009E8595 /* Sources */,
				B7241534290681AF009E8595 /* Frameworks */,
				B7241535290681AF009E8595 /* Resources */,
			);
			buildRules = (
			);
			dependencies = (
			);
			name = Taskable;
			productName = Taskable;
			productReference = B7241537290681AF009E8595 /* Taskable.app */;
			productType = "com.apple.product-type.application";
		};
/* End PBXNativeTarget section */

/* Begin PBXProject section */
		B724152F290681AF009E8595 /* Project object */ = {
			isa = PBXProject;
			attributes = {
				BuildIndependentTargetsInParallel = 1;
				LastSwiftUpdateCheck = 1400;
				LastUpgradeCheck = 1400;
				TargetAttributes = {
					B7241536290681AF009E8595 = {
						CreatedOnToolsVersion = 14.0;
					};
				};
			};
			buildConfigurationList = B7241532290681AF009E8595 /* Build configuration list for PBXProject "Taskable" */;
			compatibilityVersion = "Xcode 14.0";
			developmentRegion = en;
			hasScannedForEncodings = 0;
			knownRegions = (
				en,
				Base,
			);
			mainGroup = B724152E290681AF009E8595;
			productRefGroup = B7241538290681AF009E8595 /* Products */;
			projectDirPath = "";
			projectRoot = "";
			targets = (
				B7241536290681AF009E8595 /* Taskable */,
			);
		};
/* End PBXProject section */

/* Begin PBXResourcesBuildPhase section */
		B7241535290681AF009E8595 /* Resources */ = {
			isa = PBXResourcesBuildPhase;
			buildActionMask = 2147483647;
			files = (
				B7241542290681B0009E8595 /* Preview Assets.xcassets in Resources */,
				B724153F290681B0009E8595 /* Assets.xcassets in Resources */,
			);
			runOnlyForDeploymentPostprocessing = 0;
		};
/* End PBXResourcesBuildPhase section */

/* Begin PBXSourcesBuildPhase section */
		B7241533290681AF009E8595 /* Sources */ = {
			isa = PBXSourcesBuildPhase;
			buildActionMask = 2147483647;
			files = (
				B716D93E290BC8BD0017C901 /* ListCoreDataUI.swift in Sources */,
				B7F39D202909451E00B3640D /* TaskListViewAllOnSide.swift in Sources */,
				B7F39D222909451E00B3640D /* TaskRow.swift in Sources */,
				B7F39D2A290945F200B3640D /* Tasky.swift in Sources */,
				B7F39D1F2909451E00B3640D /* TaskListView.swift in Sources */,
				C1191AA729094A990081E638 /* Taskable.xcdatamodeld in Sources */,
				C17EE6B82906877A005F47EA /* NewTaskView.swift in Sources */,
				C1191AA929094AD50081E638 /* OldTasky.swift in Sources */,
				B7F39D212909451E00B3640D /* Test.swift in Sources */,
				B724156529068357009E8595 /* database.swift in Sources */,
				B7F39D1D2909451E00B3640D /* FocusButton.swift in Sources */,
				C1191AA229094A680081E638 /* TagsSelectionView.swift in Sources */,
				C1191AA429094A830081E638 /* Persistence.swift in Sources */,
				B7F39D272909455F00B3640D /* Priority.swift in Sources */,
				B7F39D232909451E00B3640D /* ListButtons.swift in Sources */,
				B7F39D1E2909451E00B3640D /* GaugeView.swift in Sources */,
				B7F39D282909455F00B3640D /* TaskViewModel.swift in Sources */,
				B724153B290681AF009E8595 /* TaskableApp.swift in Sources */,
			);
			runOnlyForDeploymentPostprocessing = 0;
		};
/* End PBXSourcesBuildPhase section */

/* Begin XCBuildConfiguration section */
		B7241543290681B0009E8595 /* Debug */ = {
			isa = XCBuildConfiguration;
			buildSettings = {
				ALWAYS_SEARCH_USER_PATHS = NO;
				CLANG_ANALYZER_NONNULL = YES;
				CLANG_ANALYZER_NUMBER_OBJECT_CONVERSION = YES_AGGRESSIVE;
				CLANG_CXX_LANGUAGE_STANDARD = "gnu++20";
				CLANG_ENABLE_MODULES = YES;
				CLANG_ENABLE_OBJC_ARC = YES;
				CLANG_ENABLE_OBJC_WEAK = YES;
				CLANG_WARN_BLOCK_CAPTURE_AUTORELEASING = YES;
				CLANG_WARN_BOOL_CONVERSION = YES;
				CLANG_WARN_COMMA = YES;
				CLANG_WARN_CONSTANT_CONVERSION = YES;
				CLANG_WARN_DEPRECATED_OBJC_IMPLEMENTATIONS = YES;
				CLANG_WARN_DIRECT_OBJC_ISA_USAGE = YES_ERROR;
				CLANG_WARN_DOCUMENTATION_COMMENTS = YES;
				CLANG_WARN_EMPTY_BODY = YES;
				CLANG_WARN_ENUM_CONVERSION = YES;
				CLANG_WARN_INFINITE_RECURSION = YES;
				CLANG_WARN_INT_CONVERSION = YES;
				CLANG_WARN_NON_LITERAL_NULL_CONVERSION = YES;
				CLANG_WARN_OBJC_IMPLICIT_RETAIN_SELF = YES;
				CLANG_WARN_OBJC_LITERAL_CONVERSION = YES;
				CLANG_WARN_OBJC_ROOT_CLASS = YES_ERROR;
				CLANG_WARN_QUOTED_INCLUDE_IN_FRAMEWORK_HEADER = YES;
				CLANG_WARN_RANGE_LOOP_ANALYSIS = YES;
				CLANG_WARN_STRICT_PROTOTYPES = YES;
				CLANG_WARN_SUSPICIOUS_MOVE = YES;
				CLANG_WARN_UNGUARDED_AVAILABILITY = YES_AGGRESSIVE;
				CLANG_WARN_UNREACHABLE_CODE = YES;
				CLANG_WARN__DUPLICATE_METHOD_MATCH = YES;
				COPY_PHASE_STRIP = NO;
				DEBUG_INFORMATION_FORMAT = dwarf;
				ENABLE_STRICT_OBJC_MSGSEND = YES;
				ENABLE_TESTABILITY = YES;
				GCC_C_LANGUAGE_STANDARD = gnu11;
				GCC_DYNAMIC_NO_PIC = NO;
				GCC_NO_COMMON_BLOCKS = YES;
				GCC_OPTIMIZATION_LEVEL = 0;
				GCC_PREPROCESSOR_DEFINITIONS = (
					"DEBUG=1",
					"$(inherited)",
				);
				GCC_WARN_64_TO_32_BIT_CONVERSION = YES;
				GCC_WARN_ABOUT_RETURN_TYPE = YES_ERROR;
				GCC_WARN_UNDECLARED_SELECTOR = YES;
				GCC_WARN_UNINITIALIZED_AUTOS = YES_AGGRESSIVE;
				GCC_WARN_UNUSED_FUNCTION = YES;
				GCC_WARN_UNUSED_VARIABLE = YES;
				IPHONEOS_DEPLOYMENT_TARGET = 16.0;
				MTL_ENABLE_DEBUG_INFO = INCLUDE_SOURCE;
				MTL_FAST_MATH = YES;
				ONLY_ACTIVE_ARCH = YES;
				SDKROOT = iphoneos;
				SWIFT_ACTIVE_COMPILATION_CONDITIONS = DEBUG;
				SWIFT_OPTIMIZATION_LEVEL = "-Onone";
			};
			name = Debug;
		};
		B7241544290681B0009E8595 /* Release */ = {
			isa = XCBuildConfiguration;
			buildSettings = {
				ALWAYS_SEARCH_USER_PATHS = NO;
				CLANG_ANALYZER_NONNULL = YES;
				CLANG_ANALYZER_NUMBER_OBJECT_CONVERSION = YES_AGGRESSIVE;
				CLANG_CXX_LANGUAGE_STANDARD = "gnu++20";
				CLANG_ENABLE_MODULES = YES;
				CLANG_ENABLE_OBJC_ARC = YES;
				CLANG_ENABLE_OBJC_WEAK = YES;
				CLANG_WARN_BLOCK_CAPTURE_AUTORELEASING = YES;
				CLANG_WARN_BOOL_CONVERSION = YES;
				CLANG_WARN_COMMA = YES;
				CLANG_WARN_CONSTANT_CONVERSION = YES;
				CLANG_WARN_DEPRECATED_OBJC_IMPLEMENTATIONS = YES;
				CLANG_WARN_DIRECT_OBJC_ISA_USAGE = YES_ERROR;
				CLANG_WARN_DOCUMENTATION_COMMENTS = YES;
				CLANG_WARN_EMPTY_BODY = YES;
				CLANG_WARN_ENUM_CONVERSION = YES;
				CLANG_WARN_INFINITE_RECURSION = YES;
				CLANG_WARN_INT_CONVERSION = YES;
				CLANG_WARN_NON_LITERAL_NULL_CONVERSION = YES;
				CLANG_WARN_OBJC_IMPLICIT_RETAIN_SELF = YES;
				CLANG_WARN_OBJC_LITERAL_CONVERSION = YES;
				CLANG_WARN_OBJC_ROOT_CLASS = YES_ERROR;
				CLANG_WARN_QUOTED_INCLUDE_IN_FRAMEWORK_HEADER = YES;
				CLANG_WARN_RANGE_LOOP_ANALYSIS = YES;
				CLANG_WARN_STRICT_PROTOTYPES = YES;
				CLANG_WARN_SUSPICIOUS_MOVE = YES;
				CLANG_WARN_UNGUARDED_AVAILABILITY = YES_AGGRESSIVE;
				CLANG_WARN_UNREACHABLE_CODE = YES;
				CLANG_WARN__DUPLICATE_METHOD_MATCH = YES;
				COPY_PHASE_STRIP = NO;
				DEBUG_INFORMATION_FORMAT = "dwarf-with-dsym";
				ENABLE_NS_ASSERTIONS = NO;
				ENABLE_STRICT_OBJC_MSGSEND = YES;
				GCC_C_LANGUAGE_STANDARD = gnu11;
				GCC_NO_COMMON_BLOCKS = YES;
				GCC_WARN_64_TO_32_BIT_CONVERSION = YES;
				GCC_WARN_ABOUT_RETURN_TYPE = YES_ERROR;
				GCC_WARN_UNDECLARED_SELECTOR = YES;
				GCC_WARN_UNINITIALIZED_AUTOS = YES_AGGRESSIVE;
				GCC_WARN_UNUSED_FUNCTION = YES;
				GCC_WARN_UNUSED_VARIABLE = YES;
				IPHONEOS_DEPLOYMENT_TARGET = 16.0;
				MTL_ENABLE_DEBUG_INFO = NO;
				MTL_FAST_MATH = YES;
				SDKROOT = iphoneos;
				SWIFT_COMPILATION_MODE = wholemodule;
				SWIFT_OPTIMIZATION_LEVEL = "-O";
				VALIDATE_PRODUCT = YES;
			};
			name = Release;
		};
		B7241546290681B0009E8595 /* Debug */ = {
			isa = XCBuildConfiguration;
			buildSettings = {
				ASSETCATALOG_COMPILER_APPICON_NAME = AppIcon;
				ASSETCATALOG_COMPILER_GLOBAL_ACCENT_COLOR_NAME = AccentColor;
				CODE_SIGN_STYLE = Automatic;
				CURRENT_PROJECT_VERSION = 1;
				DEVELOPMENT_ASSET_PATHS = "\"Taskable/Preview Content\"";
				DEVELOPMENT_TEAM = SXPGP5FB93;
				ENABLE_PREVIEWS = YES;
				GENERATE_INFOPLIST_FILE = YES;
				INFOPLIST_KEY_UIApplicationSceneManifest_Generation = YES;
				INFOPLIST_KEY_UIApplicationSupportsIndirectInputEvents = YES;
				INFOPLIST_KEY_UILaunchScreen_Generation = YES;
				INFOPLIST_KEY_UISupportedInterfaceOrientations_iPad = "UIInterfaceOrientationPortrait UIInterfaceOrientationPortraitUpsideDown UIInterfaceOrientationLandscapeLeft UIInterfaceOrientationLandscapeRight";
				INFOPLIST_KEY_UISupportedInterfaceOrientations_iPhone = "UIInterfaceOrientationPortrait UIInterfaceOrientationLandscapeLeft UIInterfaceOrientationLandscapeRight";
				LD_RUNPATH_SEARCH_PATHS = (
					"$(inherited)",
					"@executable_path/Frameworks",
				);
				MARKETING_VERSION = 1.0;
				PRODUCT_BUNDLE_IDENTIFIER = BananaDevs.Taskable;
				PRODUCT_NAME = "$(TARGET_NAME)";
				SWIFT_EMIT_LOC_STRINGS = YES;
				SWIFT_VERSION = 5.0;
				TARGETED_DEVICE_FAMILY = "1,2";
			};
			name = Debug;
		};
		B7241547290681B0009E8595 /* Release */ = {
			isa = XCBuildConfiguration;
			buildSettings = {
				ASSETCATALOG_COMPILER_APPICON_NAME = AppIcon;
				ASSETCATALOG_COMPILER_GLOBAL_ACCENT_COLOR_NAME = AccentColor;
				CODE_SIGN_STYLE = Automatic;
				CURRENT_PROJECT_VERSION = 1;
				DEVELOPMENT_ASSET_PATHS = "\"Taskable/Preview Content\"";
				DEVELOPMENT_TEAM = SXPGP5FB93;
				ENABLE_PREVIEWS = YES;
				GENERATE_INFOPLIST_FILE = YES;
				INFOPLIST_KEY_UIApplicationSceneManifest_Generation = YES;
				INFOPLIST_KEY_UIApplicationSupportsIndirectInputEvents = YES;
				INFOPLIST_KEY_UILaunchScreen_Generation = YES;
				INFOPLIST_KEY_UISupportedInterfaceOrientations_iPad = "UIInterfaceOrientationPortrait UIInterfaceOrientationPortraitUpsideDown UIInterfaceOrientationLandscapeLeft UIInterfaceOrientationLandscapeRight";
				INFOPLIST_KEY_UISupportedInterfaceOrientations_iPhone = "UIInterfaceOrientationPortrait UIInterfaceOrientationLandscapeLeft UIInterfaceOrientationLandscapeRight";
				LD_RUNPATH_SEARCH_PATHS = (
					"$(inherited)",
					"@executable_path/Frameworks",
				);
				MARKETING_VERSION = 1.0;
				PRODUCT_BUNDLE_IDENTIFIER = BananaDevs.Taskable;
				PRODUCT_NAME = "$(TARGET_NAME)";
				SWIFT_EMIT_LOC_STRINGS = YES;
				SWIFT_VERSION = 5.0;
				TARGETED_DEVICE_FAMILY = "1,2";
			};
			name = Release;
		};
/* End XCBuildConfiguration section */

/* Begin XCConfigurationList section */
		B7241532290681AF009E8595 /* Build configuration list for PBXProject "Taskable" */ = {
			isa = XCConfigurationList;
			buildConfigurations = (
				B7241543290681B0009E8595 /* Debug */,
				B7241544290681B0009E8595 /* Release */,
			);
			defaultConfigurationIsVisible = 0;
			defaultConfigurationName = Release;
		};
		B7241545290681B0009E8595 /* Build configuration list for PBXNativeTarget "Taskable" */ = {
			isa = XCConfigurationList;
			buildConfigurations = (
				B7241546290681B0009E8595 /* Debug */,
				B7241547290681B0009E8595 /* Release */,
			);
			defaultConfigurationIsVisible = 0;
			defaultConfigurationName = Release;
		};
/* End XCConfigurationList section */

/* Begin XCVersionGroup section */
		C1191AA529094A990081E638 /* Taskable.xcdatamodeld */ = {
			isa = XCVersionGroup;
			children = (
				C1191AA629094A990081E638 /* Taskable.xcdatamodel */,
			);
			currentVersion = C1191AA629094A990081E638 /* Taskable.xcdatamodel */;
			path = Taskable.xcdatamodeld;
			sourceTree = "<group>";
			versionGroupType = wrapper.xcdatamodel;
		};
/* End XCVersionGroup section */
	};
	rootObject = B724152F290681AF009E8595 /* Project object */;
}
